
Microsoft Visual Studio Solution File, Format Version 12.00
# Visual Studio Version 17
VisualStudioVersion = 17.8.34511.84
MinimumVisualStudioVersion = 10.0.40219.1
Project("{FAE04EC0-301F-11D3-BF4B-00C04F79EFBC}") = "WindowsNotifications", "WindowsNotifications\WindowsNotifications.csproj", "{A4ED1C41-93F4-4B86-841B-138325C27B6F}"
EndProject
Global
	GlobalSection(SolutionConfigurationPlatforms) = preSolution
		Debug|Any CPU = Debug|Any CPU
		Release|Any CPU = Release|Any CPU
	EndGlobalSection
	GlobalSection(ProjectConfigurationPlatforms) = postSolution
		{A4ED1C41-93F4-4B86-841B-138325C27B6F}.Debug|Any CPU.ActiveCfg = Debug|Any CPU
		{A4ED1C41-93F4-4B86-841B-138325C27B6F}.Debug|Any CPU.Build.0 = Debug|Any CPU
		{A4ED1C41-93F4-4B86-841B-138325C27B6F}.Release|Any CPU.ActiveCfg = Release|Any CPU
		{A4ED1C41-93F4-4B86-841B-138325C27B6F}.Release|Any CPU.Build.0 = Release|Any CPU
	EndGlobalSection
	GlobalSection(SolutionProperties) = preSolution
		HideSolutionNode = FALSE
	EndGlobalSection
	GlobalSection(ExtensibilityGlobals) = postSolution
		SolutionGuid = {3F6B8CFA-4D98-4A64-B6D6-A93EF14B76AB}
	EndGlobalSection
EndGlobal
